
Microsoft Visual Studio Solution File, Format Version 12.00
# Visual Studio Version 17
VisualStudioVersion = 17.14.36221.1 d17.14
MinimumVisualStudioVersion = 10.0.40219.1
Project("{FAE04EC0-301F-11D3-BF4B-00C04F79EFBC}") = "shahmati", "shahmati\shahmati.csproj", "{3925B976-0C79-43EC-8854-ABA684CFCA20}"
EndProject
Global
	GlobalSection(SolutionConfigurationPlatforms) = preSolution
		Debug|Any CPU = Debug|Any CPU
		Release|Any CPU = Release|Any CPU
	EndGlobalSection
	GlobalSection(ProjectConfigurationPlatforms) = postSolution
		{3925B976-0C79-43EC-8854-ABA684CFCA20}.Debug|Any CPU.ActiveCfg = Debug|Any CPU
		{3925B976-0C79-43EC-8854-ABA684CFCA20}.Debug|Any CPU.Build.0 = Debug|Any CPU
		{3925B976-0C79-43EC-8854-ABA684CFCA20}.Release|Any CPU.ActiveCfg = Release|Any CPU
		{3925B976-0C79-43EC-8854-ABA684CFCA20}.Release|Any CPU.Build.0 = Release|Any CPU
	EndGlobalSection
	GlobalSection(SolutionProperties) = preSolution
		HideSolutionNode = FALSE
	EndGlobalSection
	GlobalSection(ExtensibilityGlobals) = postSolution
		SolutionGuid = {175D51D6-78C2-4082-8C7E-519B912E8D97}
	EndGlobalSection
EndGlobal
